
Microsoft Visual Studio Solution File, Format Version 12.00
# Visual Studio 15
VisualStudioVersion = 15.0.27703.2018
MinimumVisualStudioVersion = 10.0.40219.1
Project("{FAE04EC0-301F-11D3-BF4B-00C04F79EFBC}") = "studentsDBC", "studentsDBC.csproj", "{9EAB2F12-7D70-44E5-8E98-01010B476E8C}"
EndProject
Global
	GlobalSection(SolutionConfigurationPlatforms) = preSolution
		Debug|Any CPU = Debug|Any CPU
		Release|Any CPU = Release|Any CPU
	EndGlobalSection
	GlobalSection(ProjectConfigurationPlatforms) = postSolution
		{9EAB2F12-7D70-44E5-8E98-01010B476E8C}.Debug|Any CPU.ActiveCfg = Debug|Any CPU
		{9EAB2F12-7D70-44E5-8E98-01010B476E8C}.Debug|Any CPU.Build.0 = Debug|Any CPU
		{9EAB2F12-7D70-44E5-8E98-01010B476E8C}.Release|Any CPU.ActiveCfg = Release|Any CPU
		{9EAB2F12-7D70-44E5-8E98-01010B476E8C}.Release|Any CPU.Build.0 = Release|Any CPU
	EndGlobalSection
	GlobalSection(SolutionProperties) = preSolution
		HideSolutionNode = FALSE
	EndGlobalSection
	GlobalSection(ExtensibilityGlobals) = postSolution
		SolutionGuid = {E1C43C60-7F38-4ED4-B5E9-293E405A1643}
	EndGlobalSection
EndGlobal
